PODS:
  - CollectionViewSlantedLayout (3.1.1)

DEPENDENCIES:
  - CollectionViewSlantedLayout (from `../`)

EXTERNAL SOURCES:
  CollectionViewSlantedLayout:
    :path: "../"

SPEC CHECKSUMS:
  CollectionViewSlantedLayout: 24397455acd2461960bc45d394e0ef99c17d03ce

PODFILE CHECKSUM: 784530443c4e94767488f5a14b699ce4f4b357bb

COCOAPODS: 1.8.4
