{
  "pins" : [
    {
      "identity" : "collectionviewslantedlayout",
      "kind" : "remoteSourceControl",
      "location" : "https://github.com/yacir/CollectionViewSlantedLayout.git",
      "state" : {
        "branch" : "master",
        "revision" : "0364421309bece26bff03da52c00222c55ed37bf"
      }
    },
    {
      "identity" : "keychain-swift",
      "kind" : "remoteSourceControl",
      "location" : "https://github.com/evgenyneu/keychain-swift.git",
      "state" : {
        "revision" : "54eb8f29daad273dc0c1ffe44419ef5b0862d599",
        "version" : "14.0.2"
      }
    },
    {
      "identity" : "swinject",
      "kind" : "remoteSourceControl",
      "location" : "https://github.com/Swinject/Swinject.git",
      "state" : {
        "revision" : "8bc503e60965298984fb58cf47b71c541449fe2a",
        "version" : "2.8.3"
      }
    }
  ],
  "version" : 2
}
